
Microsoft Visual Studio Solution File, Format Version 12.00
# Visual Studio Version 16
VisualStudioVersion = 16.0.29025.244
MinimumVisualStudioVersion = 15.0.26124.0
Project("{2150E333-8FDC-42A3-9474-1A3956D46DE8}") = "src", "src", "{4F771B32-3DDD-494C-9ADC-12A1AF0BB53A}"
EndProject
Project("{9A19103F-16F7-4668-BE54-9A1E7A4F7556}") = "Domain", "src\Domain\Domain.csproj", "{4AA72DF2-4B6C-4CE4-9BB8-C6D396064CCC}"
EndProject
Project("{9A19103F-16F7-4668-BE54-9A1E7A4F7556}") = "Application", "src\Application\Application.csproj", "{1B22F9C9-477B-4A81-8ABE-7BC19A8A1201}"
EndProject
Project("{9A19103F-16F7-4668-BE54-9A1E7A4F7556}") = "Infra", "src\Infra\Infra.csproj", "{026AAA26-D8A6-4621-BA55-CF486309F3C3}"
EndProject
Project("{9A19103F-16F7-4668-BE54-9A1E7A4F7556}") = "WebApi", "src\WebApi\WebApi.csproj", "{988186BE-00FF-465A-AA48-D0BED55C424B}"
EndProject
Project("{2150E333-8FDC-42A3-9474-1A3956D46DE8}") = "Tests", "Tests", "{B0C70F6F-78B0-4728-9AA5-5B1F4EC9003B}"
EndProject
Project("{9A19103F-16F7-4668-BE54-9A1E7A4F7556}") = "Clean.Tests", "Tests\DomainTest\Clean.Tests.csproj", "{E39A2B2F-9791-4A21-B9F4-5B3BA5EEC2D1}"
EndProject
Project("{9A19103F-16F7-4668-BE54-9A1E7A4F7556}") = "Ioc", "src\Ioc\Ioc.csproj", "{C1FE96E5-041F-49C4-B9C1-3A4E43980B33}"
EndProject
Project("{2150E333-8FDC-42A3-9474-1A3956D46DE8}") = "0 - Services", "0 - Services", "{5F277418-F750-48F8-86E1-4EC47C7A6FBC}"
EndProject
Project("{2150E333-8FDC-42A3-9474-1A3956D46DE8}") = "1 - Application", "1 - Application", "{367E6FA9-22A5-42A0-868D-296A57B1F416}"
EndProject
Project("{2150E333-8FDC-42A3-9474-1A3956D46DE8}") = "3 - Infra", "3 - Infra", "{173DD89A-D2C6-4A6F-8005-85A511335390}"
EndProject
Project("{2150E333-8FDC-42A3-9474-1A3956D46DE8}") = "3.1 - CrossCutting", "3.1 - CrossCutting", "{2A36B424-4783-4645-B84E-A9522F91D483}"
EndProject
Project("{2150E333-8FDC-42A3-9474-1A3956D46DE8}") = "3.2 - Data", "3.2 - Data", "{92ED9801-4519-4F1D-9210-2D915898EF63}"
EndProject
Project("{2150E333-8FDC-42A3-9474-1A3956D46DE8}") = "2 - Domain", "2 - Domain", "{A836F62D-F0FA-4738-B617-7E17A8B34A00}"
EndProject
Project("{2150E333-8FDC-42A3-9474-1A3956D46DE8}") = "4 - Docker-compose", "4 - Docker-compose", "{8D18945D-B56B-4D64-B538-FF9BDE2BE628}"
EndProject
Project("{E53339B2-1760-4266-BCC7-CA923CBCF16C}") = "docker-compose", "src\docker-compose.dcproj", "{3506A476-2B4B-4635-99A5-02FF813D982A}"
EndProject
Global
	GlobalSection(SolutionConfigurationPlatforms) = preSolution
		Debug|Any CPU = Debug|Any CPU
		Debug|x64 = Debug|x64
		Debug|x86 = Debug|x86
		Release|Any CPU = Release|Any CPU
		Release|x64 = Release|x64
		Release|x86 = Release|x86
	EndGlobalSection
	GlobalSection(ProjectConfigurationPlatforms) = postSolution
		{4AA72DF2-4B6C-4CE4-9BB8-C6D396064CCC}.Debug|Any CPU.ActiveCfg = Debug|Any CPU
		{4AA72DF2-4B6C-4CE4-9BB8-C6D396064CCC}.Debug|Any CPU.Build.0 = Debug|Any CPU
		{4AA72DF2-4B6C-4CE4-9BB8-C6D396064CCC}.Debug|x64.ActiveCfg = Debug|Any CPU
		{4AA72DF2-4B6C-4CE4-9BB8-C6D396064CCC}.Debug|x64.Build.0 = Debug|Any CPU
		{4AA72DF2-4B6C-4CE4-9BB8-C6D396064CCC}.Debug|x86.ActiveCfg = Debug|Any CPU
		{4AA72DF2-4B6C-4CE4-9BB8-C6D396064CCC}.Debug|x86.Build.0 = Debug|Any CPU
		{4AA72DF2-4B6C-4CE4-9BB8-C6D396064CCC}.Release|Any CPU.ActiveCfg = Release|Any CPU
		{4AA72DF2-4B6C-4CE4-9BB8-C6D396064CCC}.Release|Any CPU.Build.0 = Release|Any CPU
		{4AA72DF2-4B6C-4CE4-9BB8-C6D396064CCC}.Release|x64.ActiveCfg = Release|Any CPU
		{4AA72DF2-4B6C-4CE4-9BB8-C6D396064CCC}.Release|x64.Build.0 = Release|Any CPU
		{4AA72DF2-4B6C-4CE4-9BB8-C6D396064CCC}.Release|x86.ActiveCfg = Release|Any CPU
		{4AA72DF2-4B6C-4CE4-9BB8-C6D396064CCC}.Release|x86.Build.0 = Release|Any CPU
		{1B22F9C9-477B-4A81-8ABE-7BC19A8A1201}.Debug|Any CPU.ActiveCfg = Debug|Any CPU
		{1B22F9C9-477B-4A81-8ABE-7BC19A8A1201}.Debug|Any CPU.Build.0 = Debug|Any CPU
		{1B22F9C9-477B-4A81-8ABE-7BC19A8A1201}.Debug|x64.ActiveCfg = Debug|Any CPU
		{1B22F9C9-477B-4A81-8ABE-7BC19A8A1201}.Debug|x64.Build.0 = Debug|Any CPU
		{1B22F9C9-477B-4A81-8ABE-7BC19A8A1201}.Debug|x86.ActiveCfg = Debug|Any CPU
		{1B22F9C9-477B-4A81-8ABE-7BC19A8A1201}.Debug|x86.Build.0 = Debug|Any CPU
		{1B22F9C9-477B-4A81-8ABE-7BC19A8A1201}.Release|Any CPU.ActiveCfg = Release|Any CPU
		{1B22F9C9-477B-4A81-8ABE-7BC19A8A1201}.Release|Any CPU.Build.0 = Release|Any CPU
		{1B22F9C9-477B-4A81-8ABE-7BC19A8A1201}.Release|x64.ActiveCfg = Release|Any CPU
		{1B22F9C9-477B-4A81-8ABE-7BC19A8A1201}.Release|x64.Build.0 = Release|Any CPU
		{1B22F9C9-477B-4A81-8ABE-7BC19A8A1201}.Release|x86.ActiveCfg = Release|Any CPU
		{1B22F9C9-477B-4A81-8ABE-7BC19A8A1201}.Release|x86.Build.0 = Release|Any CPU
		{026AAA26-D8A6-4621-BA55-CF486309F3C3}.Debug|Any CPU.ActiveCfg = Debug|Any CPU
		{026AAA26-D8A6-4621-BA55-CF486309F3C3}.Debug|Any CPU.Build.0 = Debug|Any CPU
		{026AAA26-D8A6-4621-BA55-CF486309F3C3}.Debug|x64.ActiveCfg = Debug|Any CPU
		{026AAA26-D8A6-4621-BA55-CF486309F3C3}.Debug|x64.Build.0 = Debug|Any CPU
		{026AAA26-D8A6-4621-BA55-CF486309F3C3}.Debug|x86.ActiveCfg = Debug|Any CPU
		{026AAA26-D8A6-4621-BA55-CF486309F3C3}.Debug|x86.Build.0 = Debug|Any CPU
		{026AAA26-D8A6-4621-BA55-CF486309F3C3}.Release|Any CPU.ActiveCfg = Release|Any CPU
		{026AAA26-D8A6-4621-BA55-CF486309F3C3}.Release|Any CPU.Build.0 = Release|Any CPU
		{026AAA26-D8A6-4621-BA55-CF486309F3C3}.Release|x64.ActiveCfg = Release|Any CPU
		{026AAA26-D8A6-4621-BA55-CF486309F3C3}.Release|x64.Build.0 = Release|Any CPU
		{026AAA26-D8A6-4621-BA55-CF486309F3C3}.Release|x86.ActiveCfg = Release|Any CPU
		{026AAA26-D8A6-4621-BA55-CF486309F3C3}.Release|x86.Build.0 = Release|Any CPU
		{988186BE-00FF-465A-AA48-D0BED55C424B}.Debug|Any CPU.ActiveCfg = Debug|Any CPU
		{988186BE-00FF-465A-AA48-D0BED55C424B}.Debug|Any CPU.Build.0 = Debug|Any CPU
		{988186BE-00FF-465A-AA48-D0BED55C424B}.Debug|x64.ActiveCfg = Debug|Any CPU
		{988186BE-00FF-465A-AA48-D0BED55C424B}.Debug|x64.Build.0 = Debug|Any CPU
		{988186BE-00FF-465A-AA48-D0BED55C424B}.Debug|x86.ActiveCfg = Debug|Any CPU
		{988186BE-00FF-465A-AA48-D0BED55C424B}.Debug|x86.Build.0 = Debug|Any CPU
		{988186BE-00FF-465A-AA48-D0BED55C424B}.Release|Any CPU.ActiveCfg = Release|Any CPU
		{988186BE-00FF-465A-AA48-D0BED55C424B}.Release|Any CPU.Build.0 = Release|Any CPU
		{988186BE-00FF-465A-AA48-D0BED55C424B}.Release|x64.ActiveCfg = Release|Any CPU
		{988186BE-00FF-465A-AA48-D0BED55C424B}.Release|x64.Build.0 = Release|Any CPU
		{988186BE-00FF-465A-AA48-D0BED55C424B}.Release|x86.ActiveCfg = Release|Any CPU
		{988186BE-00FF-465A-AA48-D0BED55C424B}.Release|x86.Build.0 = Release|Any CPU
		{E39A2B2F-9791-4A21-B9F4-5B3BA5EEC2D1}.Debug|Any CPU.ActiveCfg = Debug|Any CPU
		{E39A2B2F-9791-4A21-B9F4-5B3BA5EEC2D1}.Debug|Any CPU.Build.0 = Debug|Any CPU
		{E39A2B2F-9791-4A21-B9F4-5B3BA5EEC2D1}.Debug|x64.ActiveCfg = Debug|Any CPU
		{E39A2B2F-9791-4A21-B9F4-5B3BA5EEC2D1}.Debug|x64.Build.0 = Debug|Any CPU
		{E39A2B2F-9791-4A21-B9F4-5B3BA5EEC2D1}.Debug|x86.ActiveCfg = Debug|Any CPU
		{E39A2B2F-9791-4A21-B9F4-5B3BA5EEC2D1}.Debug|x86.Build.0 = Debug|Any CPU
		{E39A2B2F-9791-4A21-B9F4-5B3BA5EEC2D1}.Release|Any CPU.ActiveCfg = Release|Any CPU
		{E39A2B2F-9791-4A21-B9F4-5B3BA5EEC2D1}.Release|Any CPU.Build.0 = Release|Any CPU
		{E39A2B2F-9791-4A21-B9F4-5B3BA5EEC2D1}.Release|x64.ActiveCfg = Release|Any CPU
		{E39A2B2F-9791-4A21-B9F4-5B3BA5EEC2D1}.Release|x64.Build.0 = Release|Any CPU
		{E39A2B2F-9791-4A21-B9F4-5B3BA5EEC2D1}.Release|x86.ActiveCfg = Release|Any CPU
		{E39A2B2F-9791-4A21-B9F4-5B3BA5EEC2D1}.Release|x86.Build.0 = Release|Any CPU
		{C1FE96E5-041F-49C4-B9C1-3A4E43980B33}.Debug|Any CPU.ActiveCfg = Debug|Any CPU
		{C1FE96E5-041F-49C4-B9C1-3A4E43980B33}.Debug|Any CPU.Build.0 = Debug|Any CPU
		{C1FE96E5-041F-49C4-B9C1-3A4E43980B33}.Debug|x64.ActiveCfg = Debug|Any CPU
		{C1FE96E5-041F-49C4-B9C1-3A4E43980B33}.Debug|x64.Build.0 = Debug|Any CPU
		{C1FE96E5-041F-49C4-B9C1-3A4E43980B33}.Debug|x86.ActiveCfg = Debug|Any CPU
		{C1FE96E5-041F-49C4-B9C1-3A4E43980B33}.Debug|x86.Build.0 = Debug|Any CPU
		{C1FE96E5-041F-49C4-B9C1-3A4E43980B33}.Release|Any CPU.ActiveCfg = Release|Any CPU
		{C1FE96E5-041F-49C4-B9C1-3A4E43980B33}.Release|Any CPU.Build.0 = Release|Any CPU
		{C1FE96E5-041F-49C4-B9C1-3A4E43980B33}.Release|x64.ActiveCfg = Release|Any CPU
		{C1FE96E5-041F-49C4-B9C1-3A4E43980B33}.Release|x64.Build.0 = Release|Any CPU
		{C1FE96E5-041F-49C4-B9C1-3A4E43980B33}.Release|x86.ActiveCfg = Release|Any CPU
		{C1FE96E5-041F-49C4-B9C1-3A4E43980B33}.Release|x86.Build.0 = Release|Any CPU
		{3506A476-2B4B-4635-99A5-02FF813D982A}.Debug|Any CPU.ActiveCfg = Debug|Any CPU
		{3506A476-2B4B-4635-99A5-02FF813D982A}.Debug|Any CPU.Build.0 = Debug|Any CPU
		{3506A476-2B4B-4635-99A5-02FF813D982A}.Debug|x64.ActiveCfg = Debug|Any CPU
		{3506A476-2B4B-4635-99A5-02FF813D982A}.Debug|x64.Build.0 = Debug|Any CPU
		{3506A476-2B4B-4635-99A5-02FF813D982A}.Debug|x86.ActiveCfg = Debug|Any CPU
		{3506A476-2B4B-4635-99A5-02FF813D982A}.Debug|x86.Build.0 = Debug|Any CPU
		{3506A476-2B4B-4635-99A5-02FF813D982A}.Release|Any CPU.ActiveCfg = Release|Any CPU
		{3506A476-2B4B-4635-99A5-02FF813D982A}.Release|Any CPU.Build.0 = Release|Any CPU
		{3506A476-2B4B-4635-99A5-02FF813D982A}.Release|x64.ActiveCfg = Release|Any CPU
		{3506A476-2B4B-4635-99A5-02FF813D982A}.Release|x64.Build.0 = Release|Any CPU
		{3506A476-2B4B-4635-99A5-02FF813D982A}.Release|x86.ActiveCfg = Release|Any CPU
		{3506A476-2B4B-4635-99A5-02FF813D982A}.Release|x86.Build.0 = Release|Any CPU
	EndGlobalSection
	GlobalSection(SolutionProperties) = preSolution
		HideSolutionNode = FALSE
	EndGlobalSection
	GlobalSection(NestedProjects) = preSolution
		{4AA72DF2-4B6C-4CE4-9BB8-C6D396064CCC} = {A836F62D-F0FA-4738-B617-7E17A8B34A00}
		{1B22F9C9-477B-4A81-8ABE-7BC19A8A1201} = {367E6FA9-22A5-42A0-868D-296A57B1F416}
		{026AAA26-D8A6-4621-BA55-CF486309F3C3} = {92ED9801-4519-4F1D-9210-2D915898EF63}
		{988186BE-00FF-465A-AA48-D0BED55C424B} = {5F277418-F750-48F8-86E1-4EC47C7A6FBC}
		{E39A2B2F-9791-4A21-B9F4-5B3BA5EEC2D1} = {B0C70F6F-78B0-4728-9AA5-5B1F4EC9003B}
		{C1FE96E5-041F-49C4-B9C1-3A4E43980B33} = {2A36B424-4783-4645-B84E-A9522F91D483}
		{5F277418-F750-48F8-86E1-4EC47C7A6FBC} = {4F771B32-3DDD-494C-9ADC-12A1AF0BB53A}
		{367E6FA9-22A5-42A0-868D-296A57B1F416} = {4F771B32-3DDD-494C-9ADC-12A1AF0BB53A}
		{173DD89A-D2C6-4A6F-8005-85A511335390} = {4F771B32-3DDD-494C-9ADC-12A1AF0BB53A}
		{2A36B424-4783-4645-B84E-A9522F91D483} = {173DD89A-D2C6-4A6F-8005-85A511335390}
		{92ED9801-4519-4F1D-9210-2D915898EF63} = {173DD89A-D2C6-4A6F-8005-85A511335390}
		{A836F62D-F0FA-4738-B617-7E17A8B34A00} = {4F771B32-3DDD-494C-9ADC-12A1AF0BB53A}
		{8D18945D-B56B-4D64-B538-FF9BDE2BE628} = {4F771B32-3DDD-494C-9ADC-12A1AF0BB53A}
		{3506A476-2B4B-4635-99A5-02FF813D982A} = {8D18945D-B56B-4D64-B538-FF9BDE2BE628}
	EndGlobalSection
	GlobalSection(ExtensibilityGlobals) = postSolution
		SolutionGuid = {65F9825F-EB83-4F35-B708-643BEF0AC05B}
	EndGlobalSection
EndGlobal
